{
  "name": "3h-serve",
  "version": "0.8.2",
  "lockfileVersion": 1,
  "requires": true,
  "dependencies": {
    "3h-cli": {
      "version": "1.5.0",
      "resolved": "https://registry.npmjs.org/3h-cli/-/3h-cli-1.5.0.tgz",
      "integrity": "sha512-VVel6gMrZnHccRBY5gVmTQL11KiDWigwpfZn7vf/VK4L9a98dmfB9eBJmhLk/O8mPHv3MGqFaofrFTj/zIhRQA=="
    },
    "3h-join": {
      "version": "2.0.0",
      "resolved": "https://registry.npmjs.org/3h-join/-/3h-join-2.0.0.tgz",
      "integrity": "sha512-LLPCdTkJlDPwk8KUVZFqGMjy99zKXTzgDDGTiz5FZRw+/Bcop4w899zZRjBJgOATBpDaP3xSerq4YSz8GzE/2Q==",
      "dev": true
    },
    "3h-log": {
      "version": "3.1.2",
      "resolved": "https://registry.npm.taobao.org/3h-log/download/3h-log-3.1.2.tgz",
      "integrity": "sha1-DBhUJtgHJzXjsya0k52mW5BhQDc=",
      "requires": {
        "3h-time": "^1.2.1"
      }
    },
    "3h-time": {
      "version": "1.2.1",
      "resolved": "https://registry.npm.taobao.org/3h-time/download/3h-time-1.2.1.tgz",
      "integrity": "sha1-eDRAPZolfoWaYM7RiOfh1fnPALo="
    },
    "@types/node": {
      "version": "12.12.47",
      "resolved": "https://registry.npm.taobao.org/@types/node/download/@types/node-12.12.47.tgz?cache=0&sync_timestamp=1591735025911&other_urls=https%3A%2F%2Fregistry.npm.taobao.org%2F%40types%2Fnode%2Fdownload%2F%40types%2Fnode-12.12.47.tgz",
      "integrity": "sha1-UAe4hmovkVDegjNcp+JN0dWb37U=",
      "dev": true
    }
  }
}
